// !$*UTF8*$!
{
	archiveVersion = 1;
	classes = {
	};
	objectVersion = 48;
	objects = {

/* Begin PBXBuildFile section */
		1806F0851FB9943B00F77079 /* WYBannerView.swift in Sources */ = {isa = PBXBuildFile; fileRef = 1806F0841FB9943B00F77079 /* WYBannerView.swift */; };
		181D3C9F1FB48F77007F581C /* WYClassViewController.swift in Sources */ = {isa = PBXBuildFile; fileRef = 181D3C9D1FB48F77007F581C /* WYClassViewController.swift */; };
		181D3CA01FB48F77007F581C /* WYClassViewController.xib in Resources */ = {isa = PBXBuildFile; fileRef = 181D3C9E1FB48F77007F581C /* WYClassViewController.xib */; };
		181D3CA21FB49163007F581C /* OneClassView.swift in Sources */ = {isa = PBXBuildFile; fileRef = 181D3CA11FB49163007F581C /* OneClassView.swift */; };
		181D3CA41FB4918B007F581C /* TwoClassView.swift in Sources */ = {isa = PBXBuildFile; fileRef = 181D3CA31FB4918B007F581C /* TwoClassView.swift */; };
		181D3CA71FB53B04007F581C /* OneClassCell.swift in Sources */ = {isa = PBXBuildFile; fileRef = 181D3CA51FB53B04007F581C /* OneClassCell.swift */; };
		181D3CA81FB53B04007F581C /* OneClassCell.xib in Resources */ = {isa = PBXBuildFile; fileRef = 181D3CA61FB53B04007F581C /* OneClassCell.xib */; };
		181D3CAD1FB55318007F581C /* TwoClassCell.swift in Sources */ = {isa = PBXBuildFile; fileRef = 181D3CAB1FB55318007F581C /* TwoClassCell.swift */; };
		181D3CAE1FB55318007F581C /* TwoClassCell.xib in Resources */ = {isa = PBXBuildFile; fileRef = 181D3CAC1FB55318007F581C /* TwoClassCell.xib */; };
		181D3CB11FB557C0007F581C /* ClassReusableView.swift in Sources */ = {isa = PBXBuildFile; fileRef = 181D3CAF1FB557C0007F581C /* ClassReusableView.swift */; };
		181D3CB21FB557C0007F581C /* ClassReusableView.xib in Resources */ = {isa = PBXBuildFile; fileRef = 181D3CB01FB557C0007F581C /* ClassReusableView.xib */; };
		181D3CB31FB594BB007F581C /* SDWebImage.framework in Frameworks */ = {isa = PBXBuildFile; fileRef = 181D3CB41FB594BB007F581C /* SDWebImage.framework */; };
		181D3CB71FB5956F007F581C /* HomeCell.swift in Sources */ = {isa = PBXBuildFile; fileRef = 181D3CB51FB5956F007F581C /* HomeCell.swift */; };
		181D3CB81FB5956F007F581C /* HomeCell.xib in Resources */ = {isa = PBXBuildFile; fileRef = 181D3CB61FB5956F007F581C /* HomeCell.xib */; };
		181D3CBA1FB5991D007F581C /* YYScrollView.swift in Sources */ = {isa = PBXBuildFile; fileRef = 181D3CB91FB5991D007F581C /* YYScrollView.swift */; };
		181D3CBC1FB59983007F581C /* GoodsItem.swift in Sources */ = {isa = PBXBuildFile; fileRef = 181D3CBB1FB59983007F581C /* GoodsItem.swift */; };
		181D3CBE1FB59990007F581C /* GoodsItem.xib in Resources */ = {isa = PBXBuildFile; fileRef = 181D3CBD1FB59990007F581C /* GoodsItem.xib */; };
		1822A2D71F7D0F3F00E99A4E /* WYCommomMethod.swift in Sources */ = {isa = PBXBuildFile; fileRef = 1822A2D61F7D0F3F00E99A4E /* WYCommomMethod.swift */; };
		1822A2D91F7D1C2A00E99A4E /* UserInfo.swift in Sources */ = {isa = PBXBuildFile; fileRef = 1822A2D81F7D1C2A00E99A4E /* UserInfo.swift */; };
		182859791FB93D210070241C /* YYBannerView.swift in Sources */ = {isa = PBXBuildFile; fileRef = 182859781FB93D210070241C /* YYBannerView.swift */; };
		1828597B1FB93D2C0070241C /* YYBannerView.xib in Resources */ = {isa = PBXBuildFile; fileRef = 1828597A1FB93D2C0070241C /* YYBannerView.xib */; };
		1828597C1FB949660070241C /* YYWebImage.framework in Frameworks */ = {isa = PBXBuildFile; fileRef = 1828597D1FB949660070241C /* YYWebImage.framework */; };
		1828597F1FB968CE0070241C /* YYHeaderView.swift in Sources */ = {isa = PBXBuildFile; fileRef = 1828597E1FB968CE0070241C /* YYHeaderView.swift */; };
		182859811FB968DA0070241C /* YYHeaderView.xib in Resources */ = {isa = PBXBuildFile; fileRef = 182859801FB968DA0070241C /* YYHeaderView.xib */; };
		184AFC191F7CD1B8005A4378 /* WYLoginViewController.swift in Sources */ = {isa = PBXBuildFile; fileRef = 184AFC171F7CD1B8005A4378 /* WYLoginViewController.swift */; };
		184AFC1A1F7CD1B8005A4378 /* WYLoginViewController.xib in Resources */ = {isa = PBXBuildFile; fileRef = 184AFC181F7CD1B8005A4378 /* WYLoginViewController.xib */; };
		184AFC1D1F7CE5C5005A4378 /* WYNetWorkTool.swift in Sources */ = {isa = PBXBuildFile; fileRef = 184AFC1C1F7CE5C5005A4378 /* WYNetWorkTool.swift */; };
		185954E81F7C8C5E00131B59 /* WYShopCartController.swift in Sources */ = {isa = PBXBuildFile; fileRef = 185954E71F7C8C5E00131B59 /* WYShopCartController.swift */; };
		185954EA1F7C8E7800131B59 /* FunctionHeader.swift in Sources */ = {isa = PBXBuildFile; fileRef = 185954E91F7C8E7800131B59 /* FunctionHeader.swift */; };
		185954F81F7C907B00131B59 /* WYHomeTitleView.swift in Sources */ = {isa = PBXBuildFile; fileRef = 185954F71F7C907B00131B59 /* WYHomeTitleView.swift */; };
		18724CD51FB4412E0084B324 /* YYModel.framework in Frameworks */ = {isa = PBXBuildFile; fileRef = 18724CD61FB4412E0084B324 /* YYModel.framework */; };
		18724CD71FB450E80084B324 /* MJExtension.framework in Frameworks */ = {isa = PBXBuildFile; fileRef = 18724CD81FB450E80084B324 /* MJExtension.framework */; };
		187D334C1FB1A9E8000BFA1D /* YYNetWorkTool.swift in Sources */ = {isa = PBXBuildFile; fileRef = 187D334B1FB1A9E8000BFA1D /* YYNetWorkTool.swift */; };
		188B10C71FB2EF3100B940D8 /* HomeModel.swift in Sources */ = {isa = PBXBuildFile; fileRef = 188B10C61FB2EF3100B940D8 /* HomeModel.swift */; };
		189A5FE21F7A3F8B00213BFB /* WYExtensions.swift in Sources */ = {isa = PBXBuildFile; fileRef = 189A5FE11F7A3F8B00213BFB /* WYExtensions.swift */; };
		18F006821F7A04F200F68579 /* AppDelegate.swift in Sources */ = {isa = PBXBuildFile; fileRef = 18F006811F7A04F200F68579 /* AppDelegate.swift */; };
		18F006891F7A04F200F68579 /* Assets.xcassets in Resources */ = {isa = PBXBuildFile; fileRef = 18F006881F7A04F200F68579 /* Assets.xcassets */; };
		18F0069A1F7A241C00F68579 /* WYTabBarController.swift in Sources */ = {isa = PBXBuildFile; fileRef = 18F006991F7A241C00F68579 /* WYTabBarController.swift */; };
		18F0069C1F7A248600F68579 /* WYNavigationController.swift in Sources */ = {isa = PBXBuildFile; fileRef = 18F0069B1F7A248600F68579 /* WYNavigationController.swift */; };
		18F0069E1F7A249500F68579 /* WYBaseViewController.swift in Sources */ = {isa = PBXBuildFile; fileRef = 18F0069D1F7A249500F68579 /* WYBaseViewController.swift */; };
		18F006A01F7A297600F68579 /* WYHomeViewController.swift in Sources */ = {isa = PBXBuildFile; fileRef = 18F0069F1F7A297600F68579 /* WYHomeViewController.swift */; };
		18F006A41F7A298A00F68579 /* WYMineViewController.swift in Sources */ = {isa = PBXBuildFile; fileRef = 18F006A31F7A298A00F68579 /* WYMineViewController.swift */; };
		DF2AAFB72FF207E2DB35D039 /* Pods_DiYa.framework in Frameworks */ = {isa = PBXBuildFile; fileRef = 4ECBD3ACEB9F69EFF4FFB3DF /* Pods_DiYa.framework */; settings = {ATTRIBUTES = (Required, ); }; };
/* End PBXBuildFile section */

/* Begin PBXFileReference section */
		1806F0841FB9943B00F77079 /* WYBannerView.swift */ = {isa = PBXFileReference; lastKnownFileType = sourcecode.swift; path = WYBannerView.swift; sourceTree = "<group>"; };
		181D3C9D1FB48F77007F581C /* WYClassViewController.swift */ = {isa = PBXFileReference; lastKnownFileType = sourcecode.swift; path = WYClassViewController.swift; sourceTree = "<group>"; };
		181D3C9E1FB48F77007F581C /* WYClassViewController.xib */ = {isa = PBXFileReference; lastKnownFileType = file.xib; path = WYClassViewController.xib; sourceTree = "<group>"; };
		181D3CA11FB49163007F581C /* OneClassView.swift */ = {isa = PBXFileReference; lastKnownFileType = sourcecode.swift; path = OneClassView.swift; sourceTree = "<group>"; };
		181D3CA31FB4918B007F581C /* TwoClassView.swift */ = {isa = PBXFileReference; lastKnownFileType = sourcecode.swift; path = TwoClassView.swift; sourceTree = "<group>"; };
		181D3CA51FB53B04007F581C /* OneClassCell.swift */ = {isa = PBXFileReference; lastKnownFileType = sourcecode.swift; path = OneClassCell.swift; sourceTree = "<group>"; };
		181D3CA61FB53B04007F581C /* OneClassCell.xib */ = {isa = PBXFileReference; lastKnownFileType = file.xib; path = OneClassCell.xib; sourceTree = "<group>"; };
		181D3CAB1FB55318007F581C /* TwoClassCell.swift */ = {isa = PBXFileReference; lastKnownFileType = sourcecode.swift; path = TwoClassCell.swift; sourceTree = "<group>"; };
		181D3CAC1FB55318007F581C /* TwoClassCell.xib */ = {isa = PBXFileReference; lastKnownFileType = file.xib; path = TwoClassCell.xib; sourceTree = "<group>"; };
		181D3CAF1FB557C0007F581C /* ClassReusableView.swift */ = {isa = PBXFileReference; lastKnownFileType = sourcecode.swift; path = ClassReusableView.swift; sourceTree = "<group>"; };
		181D3CB01FB557C0007F581C /* ClassReusableView.xib */ = {isa = PBXFileReference; lastKnownFileType = file.xib; path = ClassReusableView.xib; sourceTree = "<group>"; };
		181D3CB41FB594BB007F581C /* SDWebImage.framework */ = {isa = PBXFileReference; explicitFileType = wrapper.framework; path = SDWebImage.framework; sourceTree = BUILT_PRODUCTS_DIR; };
		181D3CB51FB5956F007F581C /* HomeCell.swift */ = {isa = PBXFileReference; lastKnownFileType = sourcecode.swift; path = HomeCell.swift; sourceTree = "<group>"; };
		181D3CB61FB5956F007F581C /* HomeCell.xib */ = {isa = PBXFileReference; lastKnownFileType = file.xib; path = HomeCell.xib; sourceTree = "<group>"; };
		181D3CB91FB5991D007F581C /* YYScrollView.swift */ = {isa = PBXFileReference; lastKnownFileType = sourcecode.swift; path = YYScrollView.swift; sourceTree = "<group>"; };
		181D3CBB1FB59983007F581C /* GoodsItem.swift */ = {isa = PBXFileReference; lastKnownFileType = sourcecode.swift; path = GoodsItem.swift; sourceTree = "<group>"; };
		181D3CBD1FB59990007F581C /* GoodsItem.xib */ = {isa = PBXFileReference; lastKnownFileType = file.xib; path = GoodsItem.xib; sourceTree = "<group>"; };
		1822A2D61F7D0F3F00E99A4E /* WYCommomMethod.swift */ = {isa = PBXFileReference; lastKnownFileType = sourcecode.swift; path = WYCommomMethod.swift; sourceTree = "<group>"; };
		1822A2D81F7D1C2A00E99A4E /* UserInfo.swift */ = {isa = PBXFileReference; lastKnownFileType = sourcecode.swift; path = UserInfo.swift; sourceTree = "<group>"; };
		1822A2DC1F7D21C600E99A4E /* Alamofire.framework */ = {isa = PBXFileReference; explicitFileType = wrapper.framework; path = Alamofire.framework; sourceTree = BUILT_PRODUCTS_DIR; };
		1822A2DD1F7D21C600E99A4E /* SwiftyJSON.framework */ = {isa = PBXFileReference; explicitFileType = wrapper.framework; path = SwiftyJSON.framework; sourceTree = BUILT_PRODUCTS_DIR; };
		182859781FB93D210070241C /* YYBannerView.swift */ = {isa = PBXFileReference; lastKnownFileType = sourcecode.swift; path = YYBannerView.swift; sourceTree = "<group>"; };
		1828597A1FB93D2C0070241C /* YYBannerView.xib */ = {isa = PBXFileReference; lastKnownFileType = file.xib; path = YYBannerView.xib; sourceTree = "<group>"; };
		1828597D1FB949660070241C /* YYWebImage.framework */ = {isa = PBXFileReference; explicitFileType = wrapper.framework; path = YYWebImage.framework; sourceTree = BUILT_PRODUCTS_DIR; };
		1828597E1FB968CE0070241C /* YYHeaderView.swift */ = {isa = PBXFileReference; lastKnownFileType = sourcecode.swift; path = YYHeaderView.swift; sourceTree = "<group>"; };
		182859801FB968DA0070241C /* YYHeaderView.xib */ = {isa = PBXFileReference; lastKnownFileType = file.xib; path = YYHeaderView.xib; sourceTree = "<group>"; };
		184AFC171F7CD1B8005A4378 /* WYLoginViewController.swift */ = {isa = PBXFileReference; lastKnownFileType = sourcecode.swift; path = WYLoginViewController.swift; sourceTree = "<group>"; };
		184AFC181F7CD1B8005A4378 /* WYLoginViewController.xib */ = {isa = PBXFileReference; lastKnownFileType = file.xib; path = WYLoginViewController.xib; sourceTree = "<group>"; };
		184AFC1C1F7CE5C5005A4378 /* WYNetWorkTool.swift */ = {isa = PBXFileReference; lastKnownFileType = sourcecode.swift; path = WYNetWorkTool.swift; sourceTree = "<group>"; };
		185954DC1F7C8A3500131B59 /* AFNetworking.framework */ = {isa = PBXFileReference; explicitFileType = wrapper.framework; path = AFNetworking.framework; sourceTree = BUILT_PRODUCTS_DIR; };
		185954DD1F7C8A3500131B59 /* AliyunOSSiOS.framework */ = {isa = PBXFileReference; explicitFileType = wrapper.framework; path = AliyunOSSiOS.framework; sourceTree = BUILT_PRODUCTS_DIR; };
		185954DE1F7C8A3500131B59 /* Masonry.framework */ = {isa = PBXFileReference; explicitFileType = wrapper.framework; path = Masonry.framework; sourceTree = BUILT_PRODUCTS_DIR; };
		185954DF1F7C8A3500131B59 /* MBProgressHUD.framework */ = {isa = PBXFileReference; explicitFileType = wrapper.framework; path = MBProgressHUD.framework; sourceTree = BUILT_PRODUCTS_DIR; };
		185954E01F7C8A3500131B59 /* MJExtension.framework */ = {isa = PBXFileReference; explicitFileType = wrapper.framework; path = MJExtension.framework; sourceTree = BUILT_PRODUCTS_DIR; };
		185954E11F7C8A3500131B59 /* MJRefresh.framework */ = {isa = PBXFileReference; explicitFileType = wrapper.framework; path = MJRefresh.framework; sourceTree = BUILT_PRODUCTS_DIR; };
		185954E21F7C8A3500131B59 /* SDWebImage.framework */ = {isa = PBXFileReference; explicitFileType = wrapper.framework; path = SDWebImage.framework; sourceTree = BUILT_PRODUCTS_DIR; };
		185954E31F7C8A3500131B59 /* YYCache.framework */ = {isa = PBXFileReference; explicitFileType = wrapper.framework; path = YYCache.framework; sourceTree = BUILT_PRODUCTS_DIR; };
		185954E41F7C8A3500131B59 /* YYImage.framework */ = {isa = PBXFileReference; explicitFileType = wrapper.framework; path = YYImage.framework; sourceTree = BUILT_PRODUCTS_DIR; };
		185954E51F7C8A3500131B59 /* YYWebImage.framework */ = {isa = PBXFileReference; explicitFileType = wrapper.framework; path = YYWebImage.framework; sourceTree = BUILT_PRODUCTS_DIR; };
		185954E71F7C8C5E00131B59 /* WYShopCartController.swift */ = {isa = PBXFileReference; lastKnownFileType = sourcecode.swift; path = WYShopCartController.swift; sourceTree = "<group>"; };
		185954E91F7C8E7800131B59 /* FunctionHeader.swift */ = {isa = PBXFileReference; lastKnownFileType = sourcecode.swift; path = FunctionHeader.swift; sourceTree = "<group>"; };
		185954F71F7C907B00131B59 /* WYHomeTitleView.swift */ = {isa = PBXFileReference; lastKnownFileType = sourcecode.swift; path = WYHomeTitleView.swift; sourceTree = "<group>"; };
		18724CD61FB4412E0084B324 /* YYModel.framework */ = {isa = PBXFileReference; explicitFileType = wrapper.framework; path = YYModel.framework; sourceTree = BUILT_PRODUCTS_DIR; };
		18724CD81FB450E80084B324 /* MJExtension.framework */ = {isa = PBXFileReference; explicitFileType = wrapper.framework; path = MJExtension.framework; sourceTree = BUILT_PRODUCTS_DIR; };
		187D334B1FB1A9E8000BFA1D /* YYNetWorkTool.swift */ = {isa = PBXFileReference; lastKnownFileType = sourcecode.swift; path = YYNetWorkTool.swift; sourceTree = "<group>"; };
		187D334D1FB1B40C000BFA1D /* DiYa-Bridging-Header.h */ = {isa = PBXFileReference; lastKnownFileType = sourcecode.c.h; path = "DiYa-Bridging-Header.h"; sourceTree = "<group>"; };
		188B10C61FB2EF3100B940D8 /* HomeModel.swift */ = {isa = PBXFileReference; lastKnownFileType = sourcecode.swift; path = HomeModel.swift; sourceTree = "<group>"; };
		189A5FE11F7A3F8B00213BFB /* WYExtensions.swift */ = {isa = PBXFileReference; lastKnownFileType = sourcecode.swift; path = WYExtensions.swift; sourceTree = "<group>"; };
		18BCD1F71F7D2BA000A22FE6 /* Alamofire.framework */ = {isa = PBXFileReference; explicitFileType = wrapper.framework; path = Alamofire.framework; sourceTree = BUILT_PRODUCTS_DIR; };
		18F0067E1F7A04F200F68579 /* DiYa.app */ = {isa = PBXFileReference; explicitFileType = wrapper.application; includeInIndex = 0; path = DiYa.app; sourceTree = BUILT_PRODUCTS_DIR; };
		18F006811F7A04F200F68579 /* AppDelegate.swift */ = {isa = PBXFileReference; lastKnownFileType = sourcecode.swift; path = AppDelegate.swift; sourceTree = "<group>"; };
		18F006881F7A04F200F68579 /* Assets.xcassets */ = {isa = PBXFileReference; lastKnownFileType = folder.assetcatalog; path = Assets.xcassets; sourceTree = "<group>"; };
		18F0068D1F7A04F200F68579 /* Info.plist */ = {isa = PBXFileReference; lastKnownFileType = text.plist.xml; path = Info.plist; sourceTree = "<group>"; };
		18F006991F7A241C00F68579 /* WYTabBarController.swift */ = {isa = PBXFileReference; lastKnownFileType = sourcecode.swift; path = WYTabBarController.swift; sourceTree = "<group>"; };
		18F0069B1F7A248600F68579 /* WYNavigationController.swift */ = {isa = PBXFileReference; lastKnownFileType = sourcecode.swift; path = WYNavigationController.swift; sourceTree = "<group>"; };
		18F0069D1F7A249500F68579 /* WYBaseViewController.swift */ = {isa = PBXFileReference; lastKnownFileType = sourcecode.swift; path = WYBaseViewController.swift; sourceTree = "<group>"; };
		18F0069F1F7A297600F68579 /* WYHomeViewController.swift */ = {isa = PBXFileReference; lastKnownFileType = sourcecode.swift; path = WYHomeViewController.swift; sourceTree = "<group>"; };
		18F006A31F7A298A00F68579 /* WYMineViewController.swift */ = {isa = PBXFileReference; lastKnownFileType = sourcecode.swift; path = WYMineViewController.swift; sourceTree = "<group>"; };
		4ECBD3ACEB9F69EFF4FFB3DF /* Pods_DiYa.framework */ = {isa = PBXFileReference; explicitFileType = wrapper.framework; includeInIndex = 0; path = Pods_DiYa.framework; sourceTree = BUILT_PRODUCTS_DIR; };
		781644B67F6C84779FB63D0A /* Pods-DiYa.release.xcconfig */ = {isa = PBXFileReference; includeInIndex = 1; lastKnownFileType = text.xcconfig; name = "Pods-DiYa.release.xcconfig"; path = "Pods/Target Support Files/Pods-DiYa/Pods-DiYa.release.xcconfig"; sourceTree = "<group>"; };
		A7F36E3FB6F8A7DBA3189A58 /* Pods-DiYa.debug.xcconfig */ = {isa = PBXFileReference; includeInIndex = 1; lastKnownFileType = text.xcconfig; name = "Pods-DiYa.debug.xcconfig"; path = "Pods/Target Support Files/Pods-DiYa/Pods-DiYa.debug.xcconfig"; sourceTree = "<group>"; };
/* End PBXFileReference section */

/* Begin PBXFrameworksBuildPhase section */
		18F0067B1F7A04F200F68579 /* Frameworks */ = {
			isa = PBXFrameworksBuildPhase;
			buildActionMask = 2147483647;
			files = (
				1828597C1FB949660070241C /* YYWebImage.framework in Frameworks */,
				181D3CB31FB594BB007F581C /* SDWebImage.framework in Frameworks */,
				18724CD71FB450E80084B324 /* MJExtension.framework in Frameworks */,
				18724CD51FB4412E0084B324 /* YYModel.framework in Frameworks */,
				DF2AAFB72FF207E2DB35D039 /* Pods_DiYa.framework in Frameworks */,
			);
			runOnlyForDeploymentPostprocessing = 0;
		};
/* End PBXFrameworksBuildPhase section */

/* Begin PBXGroup section */
		17E0D6122B2448CD70B8B1F0 /* Pods */ = {
			isa = PBXGroup;
			children = (
				A7F36E3FB6F8A7DBA3189A58 /* Pods-DiYa.debug.xcconfig */,
				781644B67F6C84779FB63D0A /* Pods-DiYa.release.xcconfig */,
			);
			name = Pods;
			sourceTree = "<group>";
		};
		1822A2D51F7D0F2D00E99A4E /* WYCommonMethods */ = {
			isa = PBXGroup;
			children = (
				1822A2D61F7D0F3F00E99A4E /* WYCommomMethod.swift */,
			);
			path = WYCommonMethods;
			sourceTree = "<group>";
		};
		184AFC131F7CD17E005A4378 /* Login */ = {
			isa = PBXGroup;
			children = (
				184AFC141F7CD19B005A4378 /* Controller */,
				184AFC151F7CD19B005A4378 /* Model */,
				184AFC161F7CD19B005A4378 /* View */,
			);
			path = Login;
			sourceTree = "<group>";
		};
		184AFC141F7CD19B005A4378 /* Controller */ = {
			isa = PBXGroup;
			children = (
				184AFC171F7CD1B8005A4378 /* WYLoginViewController.swift */,
				184AFC181F7CD1B8005A4378 /* WYLoginViewController.xib */,
			);
			path = Controller;
			sourceTree = "<group>";
		};
		184AFC151F7CD19B005A4378 /* Model */ = {
			isa = PBXGroup;
			children = (
				1822A2D81F7D1C2A00E99A4E /* UserInfo.swift */,
			);
			path = Model;
			sourceTree = "<group>";
		};
		184AFC161F7CD19B005A4378 /* View */ = {
			isa = PBXGroup;
			children = (
			);
			path = View;
			sourceTree = "<group>";
		};
		184AFC1B1F7CE5B2005A4378 /* NetWorkTools */ = {
			isa = PBXGroup;
			children = (
				184AFC1C1F7CE5C5005A4378 /* WYNetWorkTool.swift */,
				187D334B1FB1A9E8000BFA1D /* YYNetWorkTool.swift */,
			);
			path = NetWorkTools;
			sourceTree = "<group>";
		};
		185954E61F7C8C2700131B59 /* ShopCart */ = {
			isa = PBXGroup;
			children = (
				185954F21F7C900300131B59 /* Controller */,
				185954F31F7C900300131B59 /* Model */,
				185954F11F7C900300131B59 /* View */,
			);
			name = ShopCart;
			path = DiYa/Class/ShopCart;
			sourceTree = SOURCE_ROOT;
		};
		185954EB1F7C8FD500131B59 /* Controller */ = {
			isa = PBXGroup;
			children = (
				18F0069F1F7A297600F68579 /* WYHomeViewController.swift */,
			);
			path = Controller;
			sourceTree = "<group>";
		};
		185954EC1F7C8FD500131B59 /* View */ = {
			isa = PBXGroup;
			children = (
				185954F71F7C907B00131B59 /* WYHomeTitleView.swift */,
				1806F0841FB9943B00F77079 /* WYBannerView.swift */,
				182859781FB93D210070241C /* YYBannerView.swift */,
				1828597A1FB93D2C0070241C /* YYBannerView.xib */,
				181D3CB51FB5956F007F581C /* HomeCell.swift */,
				181D3CB61FB5956F007F581C /* HomeCell.xib */,
				181D3CB91FB5991D007F581C /* YYScrollView.swift */,
				181D3CBB1FB59983007F581C /* GoodsItem.swift */,
				181D3CBD1FB59990007F581C /* GoodsItem.xib */,
				1828597E1FB968CE0070241C /* YYHeaderView.swift */,
				182859801FB968DA0070241C /* YYHeaderView.xib */,
			);
			path = View;
			sourceTree = "<group>";
		};
		185954ED1F7C8FD500131B59 /* Model */ = {
			isa = PBXGroup;
			children = (
				188B10C61FB2EF3100B940D8 /* HomeModel.swift */,
			);
			path = Model;
			sourceTree = "<group>";
		};
		185954EE1F7C8FFA00131B59 /* View */ = {
			isa = PBXGroup;
			children = (
				181D3CA11FB49163007F581C /* OneClassView.swift */,
				181D3CA51FB53B04007F581C /* OneClassCell.swift */,
				181D3CA61FB53B04007F581C /* OneClassCell.xib */,
				181D3CA31FB4918B007F581C /* TwoClassView.swift */,
				181D3CAB1FB55318007F581C /* TwoClassCell.swift */,
				181D3CAC1FB55318007F581C /* TwoClassCell.xib */,
				181D3CAF1FB557C0007F581C /* ClassReusableView.swift */,
				181D3CB01FB557C0007F581C /* ClassReusableView.xib */,
			);
			path = View;
			sourceTree = "<group>";
		};
		185954EF1F7C8FFA00131B59 /* Controller */ = {
			isa = PBXGroup;
			children = (
				181D3C9D1FB48F77007F581C /* WYClassViewController.swift */,
				181D3C9E1FB48F77007F581C /* WYClassViewController.xib */,
			);
			path = Controller;
			sourceTree = "<group>";
		};
		185954F01F7C8FFA00131B59 /* Model */ = {
			isa = PBXGroup;
			children = (
			);
			path = Model;
			sourceTree = "<group>";
		};
		185954F11F7C900300131B59 /* View */ = {
			isa = PBXGroup;
			children = (
			);
			name = View;
			path = DiYa/Class/Class/View;
			sourceTree = SOURCE_ROOT;
		};
		185954F21F7C900300131B59 /* Controller */ = {
			isa = PBXGroup;
			children = (
				185954E71F7C8C5E00131B59 /* WYShopCartController.swift */,
			);
			name = Controller;
			path = DiYa/Class/Class/Controller;
			sourceTree = SOURCE_ROOT;
		};
		185954F31F7C900300131B59 /* Model */ = {
			isa = PBXGroup;
			children = (
			);
			name = Model;
			path = DiYa/Class/Class/Model;
			sourceTree = SOURCE_ROOT;
		};
		185954F41F7C901600131B59 /* Model */ = {
			isa = PBXGroup;
			children = (
			);
			path = Model;
			sourceTree = "<group>";
		};
		185954F51F7C901600131B59 /* Controller */ = {
			isa = PBXGroup;
			children = (
				18F006A31F7A298A00F68579 /* WYMineViewController.swift */,
			);
			path = Controller;
			sourceTree = "<group>";
		};
		185954F61F7C901600131B59 /* View */ = {
			isa = PBXGroup;
			children = (
			);
			path = View;
			sourceTree = "<group>";
		};
		18F006751F7A04F200F68579 = {
			isa = PBXGroup;
			children = (
				18F006801F7A04F200F68579 /* DiYa */,
				18F0067F1F7A04F200F68579 /* Products */,
				17E0D6122B2448CD70B8B1F0 /* Pods */,
				D13AE96C48803F72C1527745 /* Frameworks */,
			);
			sourceTree = "<group>";
		};
		18F0067F1F7A04F200F68579 /* Products */ = {
			isa = PBXGroup;
			children = (
				18F0067E1F7A04F200F68579 /* DiYa.app */,
			);
			name = Products;
			sourceTree = "<group>";
		};
		18F006801F7A04F200F68579 /* DiYa */ = {
			isa = PBXGroup;
			children = (
				18F006931F7A23F100F68579 /* Class */,
				18F006811F7A04F200F68579 /* AppDelegate.swift */,
				185954E91F7C8E7800131B59 /* FunctionHeader.swift */,
				187D334D1FB1B40C000BFA1D /* DiYa-Bridging-Header.h */,
				18F006881F7A04F200F68579 /* Assets.xcassets */,
				18F0068D1F7A04F200F68579 /* Info.plist */,
			);
			path = DiYa;
			sourceTree = "<group>";
		};
		18F006931F7A23F100F68579 /* Class */ = {
			isa = PBXGroup;
			children = (
				184AFC131F7CD17E005A4378 /* Login */,
				18F006961F7A23F100F68579 /* Main */,
				18F006951F7A23F100F68579 /* Home */,
				18F006941F7A23F100F68579 /* Class */,
				185954E61F7C8C2700131B59 /* ShopCart */,
				18F006971F7A23F100F68579 /* Mine */,
				18F006981F7A23F100F68579 /* Tools */,
			);
			path = Class;
			sourceTree = "<group>";
		};
		18F006941F7A23F100F68579 /* Class */ = {
			isa = PBXGroup;
			children = (
				185954EF1F7C8FFA00131B59 /* Controller */,
				185954F01F7C8FFA00131B59 /* Model */,
				185954EE1F7C8FFA00131B59 /* View */,
			);
			path = Class;
			sourceTree = "<group>";
		};
		18F006951F7A23F100F68579 /* Home */ = {
			isa = PBXGroup;
			children = (
				185954EB1F7C8FD500131B59 /* Controller */,
				185954ED1F7C8FD500131B59 /* Model */,
				185954EC1F7C8FD500131B59 /* View */,
			);
			path = Home;
			sourceTree = "<group>";
		};
		18F006961F7A23F100F68579 /* Main */ = {
			isa = PBXGroup;
			children = (
				18F006991F7A241C00F68579 /* WYTabBarController.swift */,
				18F0069B1F7A248600F68579 /* WYNavigationController.swift */,
				18F0069D1F7A249500F68579 /* WYBaseViewController.swift */,
			);
			path = Main;
			sourceTree = "<group>";
		};
		18F006971F7A23F100F68579 /* Mine */ = {
			isa = PBXGroup;
			children = (
				185954F61F7C901600131B59 /* View */,
				185954F51F7C901600131B59 /* Controller */,
				185954F41F7C901600131B59 /* Model */,
			);
			path = Mine;
			sourceTree = "<group>";
		};
		18F006981F7A23F100F68579 /* Tools */ = {
			isa = PBXGroup;
			children = (
				1822A2D51F7D0F2D00E99A4E /* WYCommonMethods */,
				184AFC1B1F7CE5B2005A4378 /* NetWorkTools */,
				18F006BA1F7A35AF00F68579 /* WYExtenisons */,
			);
			path = Tools;
			sourceTree = "<group>";
		};
		18F006BA1F7A35AF00F68579 /* WYExtenisons */ = {
			isa = PBXGroup;
			children = (
				189A5FE11F7A3F8B00213BFB /* WYExtensions.swift */,
			);
			path = WYExtenisons;
			sourceTree = "<group>";
		};
		D13AE96C48803F72C1527745 /* Frameworks */ = {
			isa = PBXGroup;
			children = (
				1828597D1FB949660070241C /* YYWebImage.framework */,
				181D3CB41FB594BB007F581C /* SDWebImage.framework */,
				18724CD81FB450E80084B324 /* MJExtension.framework */,
				18724CD61FB4412E0084B324 /* YYModel.framework */,
				18BCD1F71F7D2BA000A22FE6 /* Alamofire.framework */,
				1822A2DC1F7D21C600E99A4E /* Alamofire.framework */,
				1822A2DD1F7D21C600E99A4E /* SwiftyJSON.framework */,
				185954DC1F7C8A3500131B59 /* AFNetworking.framework */,
				185954DD1F7C8A3500131B59 /* AliyunOSSiOS.framework */,
				185954DE1F7C8A3500131B59 /* Masonry.framework */,
				185954DF1F7C8A3500131B59 /* MBProgressHUD.framework */,
				185954E01F7C8A3500131B59 /* MJExtension.framework */,
				185954E11F7C8A3500131B59 /* MJRefresh.framework */,
				185954E21F7C8A3500131B59 /* SDWebImage.framework */,
				185954E31F7C8A3500131B59 /* YYCache.framework */,
				185954E41F7C8A3500131B59 /* YYImage.framework */,
				185954E51F7C8A3500131B59 /* YYWebImage.framework */,
				4ECBD3ACEB9F69EFF4FFB3DF /* Pods_DiYa.framework */,
			);
			name = Frameworks;
			sourceTree = "<group>";
		};
/* End PBXGroup section */

/* Begin PBXNativeTarget section */
		18F0067D1F7A04F200F68579 /* DiYa */ = {
			isa = PBXNativeTarget;
			buildConfigurationList = 18F006901F7A04F200F68579 /* Build configuration list for PBXNativeTarget "DiYa" */;
			buildPhases = (
				EC5542C4E48F8398C2D3E885 /* [CP] Check Pods Manifest.lock */,
				18F0067A1F7A04F200F68579 /* Sources */,
				18F0067B1F7A04F200F68579 /* Frameworks */,
				18F0067C1F7A04F200F68579 /* Resources */,
				20B689B35DB1AA6D4CF7FDEE /* [CP] Embed Pods Frameworks */,
				D0B65186D75D9CB46FDA7092 /* [CP] Copy Pods Resources */,
			);
			buildRules = (
			);
			dependencies = (
			);
			name = DiYa;
			productName = DiYa;
			productReference = 18F0067E1F7A04F200F68579 /* DiYa.app */;
			productType = "com.apple.product-type.application";
		};
/* End PBXNativeTarget section */

/* Begin PBXProject section */
		18F006761F7A04F200F68579 /* Project object */ = {
			isa = PBXProject;
			attributes = {
				CLASSPREFIX = YY;
				LastSwiftUpdateCheck = 0900;
				LastUpgradeCheck = 0900;
				ORGANIZATIONNAME = wangyang;
				TargetAttributes = {
					18F0067D1F7A04F200F68579 = {
						CreatedOnToolsVersion = 9.0;
						ProvisioningStyle = Automatic;
					};
				};
			};
			buildConfigurationList = 18F006791F7A04F200F68579 /* Build configuration list for PBXProject "DiYa" */;
			compatibilityVersion = "Xcode 8.0";
			developmentRegion = en;
			hasScannedForEncodings = 0;
			knownRegions = (
				en,
				Base,
			);
			mainGroup = 18F006751F7A04F200F68579;
			productRefGroup = 18F0067F1F7A04F200F68579 /* Products */;
			projectDirPath = "";
			projectRoot = "";
			targets = (
				18F0067D1F7A04F200F68579 /* DiYa */,
			);
		};
/* End PBXProject section */

/* Begin PBXResourcesBuildPhase section */
		18F0067C1F7A04F200F68579 /* Resources */ = {
			isa = PBXResourcesBuildPhase;
			buildActionMask = 2147483647;
			files = (
				181D3CB81FB5956F007F581C /* HomeCell.xib in Resources */,
				181D3CBE1FB59990007F581C /* GoodsItem.xib in Resources */,
				181D3CA01FB48F77007F581C /* WYClassViewController.xib in Resources */,
				182859811FB968DA0070241C /* YYHeaderView.xib in Resources */,
				181D3CA81FB53B04007F581C /* OneClassCell.xib in Resources */,
				181D3CB21FB557C0007F581C /* ClassReusableView.xib in Resources */,
				184AFC1A1F7CD1B8005A4378 /* WYLoginViewController.xib in Resources */,
				1828597B1FB93D2C0070241C /* YYBannerView.xib in Resources */,
				181D3CAE1FB55318007F581C /* TwoClassCell.xib in Resources */,
				18F006891F7A04F200F68579 /* Assets.xcassets in Resources */,
			);
			runOnlyForDeploymentPostprocessing = 0;
		};
/* End PBXResourcesBuildPhase section */

/* Begin PBXShellScriptBuildPhase section */
		20B689B35DB1AA6D4CF7FDEE /* [CP] Embed Pods Frameworks */ = {
			isa = PBXShellScriptBuildPhase;
			buildActionMask = 2147483647;
			files = (
			);
			inputPaths = (
				"${SRCROOT}/Pods/Target Support Files/Pods-DiYa/Pods-DiYa-frameworks.sh",
				"${BUILT_PRODUCTS_DIR}/Alamofire/Alamofire.framework",
				"${BUILT_PRODUCTS_DIR}/AliyunOSSiOS/AliyunOSSiOS.framework",
				"${BUILT_PRODUCTS_DIR}/MBProgressHUD/MBProgressHUD.framework",
				"${BUILT_PRODUCTS_DIR}/MJExtension/MJExtension.framework",
				"${BUILT_PRODUCTS_DIR}/MJRefresh/MJRefresh.framework",
				"${BUILT_PRODUCTS_DIR}/Masonry/Masonry.framework",
				"${BUILT_PRODUCTS_DIR}/SDWebImage/SDWebImage.framework",
				"${BUILT_PRODUCTS_DIR}/SwiftyJSON/SwiftyJSON.framework",
				"${BUILT_PRODUCTS_DIR}/YYCache/YYCache.framework",
				"${BUILT_PRODUCTS_DIR}/YYImage/YYImage.framework",
				"${BUILT_PRODUCTS_DIR}/YYModel/YYModel.framework",
				"${BUILT_PRODUCTS_DIR}/YYWebImage/YYWebImage.framework",
			);
			name = "[CP] Embed Pods Frameworks";
			outputPaths = (
				"${TARGET_BUILD_DIR}/${FRAMEWORKS_FOLDER_PATH}/Alamofire.framework",
				"${TARGET_BUILD_DIR}/${FRAMEWORKS_FOLDER_PATH}/AliyunOSSiOS.framework",
				"${TARGET_BUILD_DIR}/${FRAMEWORKS_FOLDER_PATH}/MBProgressHUD.framework",
				"${TARGET_BUILD_DIR}/${FRAMEWORKS_FOLDER_PATH}/MJExtension.framework",
				"${TARGET_BUILD_DIR}/${FRAMEWORKS_FOLDER_PATH}/MJRefresh.framework",
				"${TARGET_BUILD_DIR}/${FRAMEWORKS_FOLDER_PATH}/Masonry.framework",
				"${TARGET_BUILD_DIR}/${FRAMEWORKS_FOLDER_PATH}/SDWebImage.framework",
				"${TARGET_BUILD_DIR}/${FRAMEWORKS_FOLDER_PATH}/SwiftyJSON.framework",
				"${TARGET_BUILD_DIR}/${FRAMEWORKS_FOLDER_PATH}/YYCache.framework",
				"${TARGET_BUILD_DIR}/${FRAMEWORKS_FOLDER_PATH}/YYImage.framework",
				"${TARGET_BUILD_DIR}/${FRAMEWORKS_FOLDER_PATH}/YYModel.framework",
				"${TARGET_BUILD_DIR}/${FRAMEWORKS_FOLDER_PATH}/YYWebImage.framework",
			);
			runOnlyForDeploymentPostprocessing = 0;
			shellPath = /bin/sh;
			shellScript = "\"${SRCROOT}/Pods/Target Support Files/Pods-DiYa/Pods-DiYa-frameworks.sh\"\n";
			showEnvVarsInLog = 0;
		};
		D0B65186D75D9CB46FDA7092 /* [CP] Copy Pods Resources */ = {
			isa = PBXShellScriptBuildPhase;
			buildActionMask = 2147483647;
			files = (
			);
			inputPaths = (
			);
			name = "[CP] Copy Pods Resources";
			outputPaths = (
			);
			runOnlyForDeploymentPostprocessing = 0;
			shellPath = /bin/sh;
			shellScript = "\"${SRCROOT}/Pods/Target Support Files/Pods-DiYa/Pods-DiYa-resources.sh\"\n";
			showEnvVarsInLog = 0;
		};
		EC5542C4E48F8398C2D3E885 /* [CP] Check Pods Manifest.lock */ = {
			isa = PBXShellScriptBuildPhase;
			buildActionMask = 2147483647;
			files = (
			);
			inputPaths = (
				"${PODS_PODFILE_DIR_PATH}/Podfile.lock",
				"${PODS_ROOT}/Manifest.lock",
			);
			name = "[CP] Check Pods Manifest.lock";
			outputPaths = (
				"$(DERIVED_FILE_DIR)/Pods-DiYa-checkManifestLockResult.txt",
			);
			runOnlyForDeploymentPostprocessing = 0;
			shellPath = /bin/sh;
			shellScript = "diff \"${PODS_PODFILE_DIR_PATH}/Podfile.lock\" \"${PODS_ROOT}/Manifest.lock\" > /dev/null\nif [ $? != 0 ] ; then\n    # print error to STDERR\n    echo \"error: The sandbox is not in sync with the Podfile.lock. Run 'pod install' or update your CocoaPods installation.\" >&2\n    exit 1\nfi\n# This output is used by Xcode 'outputs' to avoid re-running this script phase.\necho \"SUCCESS\" > \"${SCRIPT_OUTPUT_FILE_0}\"\n";
			showEnvVarsInLog = 0;
		};
/* End PBXShellScriptBuildPhase section */

/* Begin PBXSourcesBuildPhase section */
		18F0067A1F7A04F200F68579 /* Sources */ = {
			isa = PBXSourcesBuildPhase;
			buildActionMask = 2147483647;
			files = (
				181D3C9F1FB48F77007F581C /* WYClassViewController.swift in Sources */,
				181D3CBA1FB5991D007F581C /* YYScrollView.swift in Sources */,
				184AFC191F7CD1B8005A4378 /* WYLoginViewController.swift in Sources */,
				181D3CA21FB49163007F581C /* OneClassView.swift in Sources */,
				18F0069C1F7A248600F68579 /* WYNavigationController.swift in Sources */,
				189A5FE21F7A3F8B00213BFB /* WYExtensions.swift in Sources */,
				181D3CB71FB5956F007F581C /* HomeCell.swift in Sources */,
				181D3CAD1FB55318007F581C /* TwoClassCell.swift in Sources */,
				185954F81F7C907B00131B59 /* WYHomeTitleView.swift in Sources */,
				1822A2D91F7D1C2A00E99A4E /* UserInfo.swift in Sources */,
				18F006821F7A04F200F68579 /* AppDelegate.swift in Sources */,
				18F0069A1F7A241C00F68579 /* WYTabBarController.swift in Sources */,
				185954EA1F7C8E7800131B59 /* FunctionHeader.swift in Sources */,
				187D334C1FB1A9E8000BFA1D /* YYNetWorkTool.swift in Sources */,
				182859791FB93D210070241C /* YYBannerView.swift in Sources */,
				188B10C71FB2EF3100B940D8 /* HomeModel.swift in Sources */,
				181D3CBC1FB59983007F581C /* GoodsItem.swift in Sources */,
				185954E81F7C8C5E00131B59 /* WYShopCartController.swift in Sources */,
				181D3CA41FB4918B007F581C /* TwoClassView.swift in Sources */,
				1822A2D71F7D0F3F00E99A4E /* WYCommomMethod.swift in Sources */,
				184AFC1D1F7CE5C5005A4378 /* WYNetWorkTool.swift in Sources */,
				18F0069E1F7A249500F68579 /* WYBaseViewController.swift in Sources */,
				1806F0851FB9943B00F77079 /* WYBannerView.swift in Sources */,
				181D3CA71FB53B04007F581C /* OneClassCell.swift in Sources */,
				18F006A41F7A298A00F68579 /* WYMineViewController.swift in Sources */,
				18F006A01F7A297600F68579 /* WYHomeViewController.swift in Sources */,
				181D3CB11FB557C0007F581C /* ClassReusableView.swift in Sources */,
				1828597F1FB968CE0070241C /* YYHeaderView.swift in Sources */,
			);
			runOnlyForDeploymentPostprocessing = 0;
		};
/* End PBXSourcesBuildPhase section */

/* Begin XCBuildConfiguration section */
		18F0068E1F7A04F200F68579 /* Debug */ = {
			isa = XCBuildConfiguration;
			buildSettings = {
				ALWAYS_SEARCH_USER_PATHS = NO;
				CLANG_ANALYZER_NONNULL = YES;
				CLANG_ANALYZER_NUMBER_OBJECT_CONVERSION = YES_AGGRESSIVE;
				CLANG_CXX_LANGUAGE_STANDARD = "gnu++14";
				CLANG_CXX_LIBRARY = "libc++";
				CLANG_ENABLE_MODULES = YES;
				CLANG_ENABLE_OBJC_ARC = YES;
				CLANG_WARN_BLOCK_CAPTURE_AUTORELEASING = YES;
				CLANG_WARN_BOOL_CONVERSION = YES;
				CLANG_WARN_COMMA = YES;
				CLANG_WARN_CONSTANT_CONVERSION = YES;
				CLANG_WARN_DIRECT_OBJC_ISA_USAGE = YES_ERROR;
				CLANG_WARN_DOCUMENTATION_COMMENTS = YES;
				CLANG_WARN_EMPTY_BODY = YES;
				CLANG_WARN_ENUM_CONVERSION = YES;
				CLANG_WARN_INFINITE_RECURSION = YES;
				CLANG_WARN_INT_CONVERSION = YES;
				CLANG_WARN_NON_LITERAL_NULL_CONVERSION = YES;
				CLANG_WARN_OBJC_LITERAL_CONVERSION = YES;
				CLANG_WARN_OBJC_ROOT_CLASS = YES_ERROR;
				CLANG_WARN_RANGE_LOOP_ANALYSIS = YES;
				CLANG_WARN_STRICT_PROTOTYPES = YES;
				CLANG_WARN_SUSPICIOUS_MOVE = YES;
				CLANG_WARN_UNGUARDED_AVAILABILITY = YES_AGGRESSIVE;
				CLANG_WARN_UNREACHABLE_CODE = YES;
				CLANG_WARN__DUPLICATE_METHOD_MATCH = YES;
				CODE_SIGN_IDENTITY = "iPhone Developer";
				COPY_PHASE_STRIP = NO;
				DEBUG_INFORMATION_FORMAT = dwarf;
				ENABLE_STRICT_OBJC_MSGSEND = YES;
				ENABLE_TESTABILITY = YES;
				GCC_C_LANGUAGE_STANDARD = gnu11;
				GCC_DYNAMIC_NO_PIC = NO;
				GCC_NO_COMMON_BLOCKS = YES;
				GCC_OPTIMIZATION_LEVEL = 0;
				GCC_PREPROCESSOR_DEFINITIONS = (
					"DEBUG=1",
					"$(inherited)",
				);
				GCC_WARN_64_TO_32_BIT_CONVERSION = YES;
				GCC_WARN_ABOUT_RETURN_TYPE = YES_ERROR;
				GCC_WARN_UNDECLARED_SELECTOR = YES;
				GCC_WARN_UNINITIALIZED_AUTOS = YES_AGGRESSIVE;
				GCC_WARN_UNUSED_FUNCTION = YES;
				GCC_WARN_UNUSED_VARIABLE = YES;
				IPHONEOS_DEPLOYMENT_TARGET = 8.0;
				MTL_ENABLE_DEBUG_INFO = YES;
				ONLY_ACTIVE_ARCH = YES;
				SDKROOT = iphoneos;
				SWIFT_ACTIVE_COMPILATION_CONDITIONS = DEBUG;
				SWIFT_OPTIMIZATION_LEVEL = "-Onone";
			};
			name = Debug;
		};
		18F0068F1F7A04F200F68579 /* Release */ = {
			isa = XCBuildConfiguration;
			buildSettings = {
				ALWAYS_SEARCH_USER_PATHS = NO;
				CLANG_ANALYZER_NONNULL = YES;
				CLANG_ANALYZER_NUMBER_OBJECT_CONVERSION = YES_AGGRESSIVE;
				CLANG_CXX_LANGUAGE_STANDARD = "gnu++14";
				CLANG_CXX_LIBRARY = "libc++";
				CLANG_ENABLE_MODULES = YES;
				CLANG_ENABLE_OBJC_ARC = YES;
				CLANG_WARN_BLOCK_CAPTURE_AUTORELEASING = YES;
				CLANG_WARN_BOOL_CONVERSION = YES;
				CLANG_WARN_COMMA = YES;
				CLANG_WARN_CONSTANT_CONVERSION = YES;
				CLANG_WARN_DIRECT_OBJC_ISA_USAGE = YES_ERROR;
				CLANG_WARN_DOCUMENTATION_COMMENTS = YES;
				CLANG_WARN_EMPTY_BODY = YES;
				CLANG_WARN_ENUM_CONVERSION = YES;
				CLANG_WARN_INFINITE_RECURSION = YES;
				CLANG_WARN_INT_CONVERSION = YES;
				CLANG_WARN_NON_LITERAL_NULL_CONVERSION = YES;
				CLANG_WARN_OBJC_LITERAL_CONVERSION = YES;
				CLANG_WARN_OBJC_ROOT_CLASS = YES_ERROR;
				CLANG_WARN_RANGE_LOOP_ANALYSIS = YES;
				CLANG_WARN_STRICT_PROTOTYPES = YES;
				CLANG_WARN_SUSPICIOUS_MOVE = YES;
				CLANG_WARN_UNGUARDED_AVAILABILITY = YES_AGGRESSIVE;
				CLANG_WARN_UNREACHABLE_CODE = YES;
				CLANG_WARN__DUPLICATE_METHOD_MATCH = YES;
				CODE_SIGN_IDENTITY = "iPhone Developer";
				COPY_PHASE_STRIP = NO;
				DEBUG_INFORMATION_FORMAT = "dwarf-with-dsym";
				ENABLE_NS_ASSERTIONS = NO;
				ENABLE_STRICT_OBJC_MSGSEND = YES;
				GCC_C_LANGUAGE_STANDARD = gnu11;
				GCC_NO_COMMON_BLOCKS = YES;
				GCC_WARN_64_TO_32_BIT_CONVERSION = YES;
				GCC_WARN_ABOUT_RETURN_TYPE = YES_ERROR;
				GCC_WARN_UNDECLARED_SELECTOR = YES;
				GCC_WARN_UNINITIALIZED_AUTOS = YES_AGGRESSIVE;
				GCC_WARN_UNUSED_FUNCTION = YES;
				GCC_WARN_UNUSED_VARIABLE = YES;
				IPHONEOS_DEPLOYMENT_TARGET = 8.0;
				MTL_ENABLE_DEBUG_INFO = NO;
				SDKROOT = iphoneos;
				SWIFT_OPTIMIZATION_LEVEL = "-Owholemodule";
				VALIDATE_PRODUCT = YES;
			};
			name = Release;
		};
		18F006911F7A04F200F68579 /* Debug */ = {
			isa = XCBuildConfiguration;
			baseConfigurationReference = A7F36E3FB6F8A7DBA3189A58 /* Pods-DiYa.debug.xcconfig */;
			buildSettings = {
				ASSETCATALOG_COMPILER_APPICON_NAME = AppIcon;
				ASSETCATALOG_COMPILER_LAUNCHIMAGE_NAME = LaunchImage;
				CODE_SIGN_STYLE = Automatic;
				DEVELOPMENT_TEAM = W335NUPQPJ;
				INFOPLIST_FILE = DiYa/Info.plist;
				IPHONEOS_DEPLOYMENT_TARGET = 8.0;
				LD_RUNPATH_SEARCH_PATHS = "$(inherited) @executable_path/Frameworks";
				OTHER_LDFLAGS = "";
				PRODUCT_BUNDLE_IDENTIFIER = com.konggeek.DiYa;
				PRODUCT_NAME = "$(TARGET_NAME)";
				SWIFT_OBJC_BRIDGING_HEADER = "";
				SWIFT_VERSION = 4.0;
				TARGETED_DEVICE_FAMILY = "1,2";
			};
			name = Debug;
		};
		18F006921F7A04F200F68579 /* Release */ = {
			isa = XCBuildConfiguration;
			baseConfigurationReference = 781644B67F6C84779FB63D0A /* Pods-DiYa.release.xcconfig */;
			buildSettings = {
				ASSETCATALOG_COMPILER_APPICON_NAME = AppIcon;
				ASSETCATALOG_COMPILER_LAUNCHIMAGE_NAME = LaunchImage;
				CODE_SIGN_STYLE = Automatic;
				DEVELOPMENT_TEAM = W335NUPQPJ;
				INFOPLIST_FILE = DiYa/Info.plist;
				IPHONEOS_DEPLOYMENT_TARGET = 8.0;
				LD_RUNPATH_SEARCH_PATHS = "$(inherited) @executable_path/Frameworks";
				OTHER_LDFLAGS = "";
				PRODUCT_BUNDLE_IDENTIFIER = com.konggeek.DiYa;
				PRODUCT_NAME = "$(TARGET_NAME)";
				SWIFT_OBJC_BRIDGING_HEADER = "";
				SWIFT_VERSION = 4.0;
				TARGETED_DEVICE_FAMILY = "1,2";
			};
			name = Release;
		};
/* End XCBuildConfiguration section */

/* Begin XCConfigurationList section */
		18F006791F7A04F200F68579 /* Build configuration list for PBXProject "DiYa" */ = {
			isa = XCConfigurationList;
			buildConfigurations = (
				18F0068E1F7A04F200F68579 /* Debug */,
				18F0068F1F7A04F200F68579 /* Release */,
			);
			defaultConfigurationIsVisible = 0;
			defaultConfigurationName = Release;
		};
		18F006901F7A04F200F68579 /* Build configuration list for PBXNativeTarget "DiYa" */ = {
			isa = XCConfigurationList;
			buildConfigurations = (
				18F006911F7A04F200F68579 /* Debug */,
				18F006921F7A04F200F68579 /* Release */,
			);
			defaultConfigurationIsVisible = 0;
			defaultConfigurationName = Release;
		};
/* End XCConfigurationList section */
	};
	rootObject = 18F006761F7A04F200F68579 /* Project object */;
}
